// !$*UTF8*$!
{
	archiveVersion = 1;
	classes = {
	};
	objectVersion = 51;
	objects = {

/* Begin PBXBuildFile section */
		BB5642B226BAE17C0066892B /* AppDelegate.swift in Sources */ = {isa = PBXBuildFile; fileRef = BB5642B126BAE17C0066892B /* AppDelegate.swift */; };
		BB5642B426BAE17C0066892B /* SceneDelegate.swift in Sources */ = {isa = PBXBuildFile; fileRef = BB5642B326BAE17C0066892B /* SceneDelegate.swift */; };
		BB5642BB26BAE17D0066892B /* Assets.xcassets in Resources */ = {isa = PBXBuildFile; fileRef = BB5642BA26BAE17D0066892B /* Assets.xcassets */; };
		BB5642BE26BAE17D0066892B /* LaunchScreen.storyboard in Resources */ = {isa = PBXBuildFile; fileRef = BB5642BC26BAE17D0066892B /* LaunchScreen.storyboard */; };
		BB5642C826BAE6050066892B /* ResponseData.swift in Sources */ = {isa = PBXBuildFile; fileRef = BB5642C726BAE6050066892B /* ResponseData.swift */; };
		BB5642CA26BAEB070066892B /* NasaClient.swift in Sources */ = {isa = PBXBuildFile; fileRef = BB5642C926BAEB070066892B /* NasaClient.swift */; };
		BB5642CD26BB45A60066892B /* SearchViewModel.swift in Sources */ = {isa = PBXBuildFile; fileRef = BB5642CC26BB45A60066892B /* SearchViewModel.swift */; };
		BB5642CF26BB4A7D0066892B /* ImageCollectionViewCell.swift in Sources */ = {isa = PBXBuildFile; fileRef = BB5642CE26BB4A7D0066892B /* ImageCollectionViewCell.swift */; };
		BB5642D326BB53070066892B /* EndPoint.swift in Sources */ = {isa = PBXBuildFile; fileRef = BB5642D226BB53070066892B /* EndPoint.swift */; };
		BB56432C26BC7E5E0066892B /* MainViewController.swift in Sources */ = {isa = PBXBuildFile; fileRef = BB56432B26BC7E5E0066892B /* MainViewController.swift */; };
		BB56436A26BDACF60066892B /* UIView+Extensions.swift in Sources */ = {isa = PBXBuildFile; fileRef = BB56436926BDACF60066892B /* UIView+Extensions.swift */; };
		BB56438A26BDBDEB0066892B /* SearchDetailsViewController.swift in Sources */ = {isa = PBXBuildFile; fileRef = BB56438926BDBDEB0066892B /* SearchDetailsViewController.swift */; };
		BB56438C26C05C7C0066892B /* DateFormatter.swift in Sources */ = {isa = PBXBuildFile; fileRef = BB56438B26C05C7C0066892B /* DateFormatter.swift */; };
		BB56438E26C06EA20066892B /* Array+Sort.swift in Sources */ = {isa = PBXBuildFile; fileRef = BB56438D26C06EA20066892B /* Array+Sort.swift */; };
		BBB5B7E726C17DEB00BA2485 /* SearchResultCardView.swift in Sources */ = {isa = PBXBuildFile; fileRef = BBB5B7E626C17DEB00BA2485 /* SearchResultCardView.swift */; };
		BBB5B80826C18DC400BA2485 /* ShadowProvider.swift in Sources */ = {isa = PBXBuildFile; fileRef = BBB5B80726C18DC400BA2485 /* ShadowProvider.swift */; };
		E3938E8D56C63D67F61EF391 /* Pods_Search.framework in Frameworks */ = {isa = PBXBuildFile; fileRef = A3A0AABC43A4912435E5A1DC /* Pods_Search.framework */; };
/* End PBXBuildFile section */

/* Begin PBXFileReference section */
		1769C333583CC41055E4C7C9 /* Pods-Search.release.xcconfig */ = {isa = PBXFileReference; includeInIndex = 1; lastKnownFileType = text.xcconfig; name = "Pods-Search.release.xcconfig"; path = "Target Support Files/Pods-Search/Pods-Search.release.xcconfig"; sourceTree = "<group>"; };
		9A3C05DCCAA2CA4493E966B9 /* Pods-Search.debug.xcconfig */ = {isa = PBXFileReference; includeInIndex = 1; lastKnownFileType = text.xcconfig; name = "Pods-Search.debug.xcconfig"; path = "Target Support Files/Pods-Search/Pods-Search.debug.xcconfig"; sourceTree = "<group>"; };
		A3A0AABC43A4912435E5A1DC /* Pods_Search.framework */ = {isa = PBXFileReference; explicitFileType = wrapper.framework; includeInIndex = 0; path = Pods_Search.framework; sourceTree = BUILT_PRODUCTS_DIR; };
		BB5642AE26BAE17C0066892B /* Search.app */ = {isa = PBXFileReference; explicitFileType = wrapper.application; includeInIndex = 0; path = Search.app; sourceTree = BUILT_PRODUCTS_DIR; };
		BB5642B126BAE17C0066892B /* AppDelegate.swift */ = {isa = PBXFileReference; lastKnownFileType = sourcecode.swift; path = AppDelegate.swift; sourceTree = "<group>"; };
		BB5642B326BAE17C0066892B /* SceneDelegate.swift */ = {isa = PBXFileReference; lastKnownFileType = sourcecode.swift; path = SceneDelegate.swift; sourceTree = "<group>"; };
		BB5642BA26BAE17D0066892B /* Assets.xcassets */ = {isa = PBXFileReference; lastKnownFileType = folder.assetcatalog; path = Assets.xcassets; sourceTree = "<group>"; };
		BB5642BD26BAE17D0066892B /* Base */ = {isa = PBXFileReference; lastKnownFileType = file.storyboard; name = Base; path = Base.lproj/LaunchScreen.storyboard; sourceTree = "<group>"; };
		BB5642BF26BAE17D0066892B /* Info.plist */ = {isa = PBXFileReference; lastKnownFileType = text.plist.xml; path = Info.plist; sourceTree = "<group>"; };
		BB5642C726BAE6050066892B /* ResponseData.swift */ = {isa = PBXFileReference; lastKnownFileType = sourcecode.swift; path = ResponseData.swift; sourceTree = "<group>"; };
		BB5642C926BAEB070066892B /* NasaClient.swift */ = {isa = PBXFileReference; lastKnownFileType = sourcecode.swift; path = NasaClient.swift; sourceTree = "<group>"; };
		BB5642CC26BB45A60066892B /* SearchViewModel.swift */ = {isa = PBXFileReference; lastKnownFileType = sourcecode.swift; path = SearchViewModel.swift; sourceTree = "<group>"; };
		BB5642CE26BB4A7D0066892B /* ImageCollectionViewCell.swift */ = {isa = PBXFileReference; lastKnownFileType = sourcecode.swift; path = ImageCollectionViewCell.swift; sourceTree = "<group>"; };
		BB5642D226BB53070066892B /* EndPoint.swift */ = {isa = PBXFileReference; lastKnownFileType = sourcecode.swift; path = EndPoint.swift; sourceTree = "<group>"; };
		BB56432B26BC7E5E0066892B /* MainViewController.swift */ = {isa = PBXFileReference; lastKnownFileType = sourcecode.swift; path = MainViewController.swift; sourceTree = "<group>"; };
		BB56436926BDACF60066892B /* UIView+Extensions.swift */ = {isa = PBXFileReference; lastKnownFileType = sourcecode.swift; path = "UIView+Extensions.swift"; sourceTree = "<group>"; };
		BB56438926BDBDEB0066892B /* SearchDetailsViewController.swift */ = {isa = PBXFileReference; lastKnownFileType = sourcecode.swift; path = SearchDetailsViewController.swift; sourceTree = "<group>"; };
		BB56438B26C05C7C0066892B /* DateFormatter.swift */ = {isa = PBXFileReference; lastKnownFileType = sourcecode.swift; path = DateFormatter.swift; sourceTree = "<group>"; };
		BB56438D26C06EA20066892B /* Array+Sort.swift */ = {isa = PBXFileReference; lastKnownFileType = sourcecode.swift; path = "Array+Sort.swift"; sourceTree = "<group>"; };
		BBB5B7E626C17DEB00BA2485 /* SearchResultCardView.swift */ = {isa = PBXFileReference; lastKnownFileType = sourcecode.swift; path = SearchResultCardView.swift; sourceTree = "<group>"; };
		BBB5B80726C18DC400BA2485 /* ShadowProvider.swift */ = {isa = PBXFileReference; lastKnownFileType = sourcecode.swift; path = ShadowProvider.swift; sourceTree = "<group>"; };
/* End PBXFileReference section */

/* Begin PBXFrameworksBuildPhase section */
		BB5642AB26BAE17C0066892B /* Frameworks */ = {
			isa = PBXFrameworksBuildPhase;
			buildActionMask = 2147483647;
			files = (
				E3938E8D56C63D67F61EF391 /* Pods_Search.framework in Frameworks */,
			);
			runOnlyForDeploymentPostprocessing = 0;
		};
/* End PBXFrameworksBuildPhase section */

/* Begin PBXGroup section */
		A2BBB7255E20337B1F0D706B /* Pods */ = {
			isa = PBXGroup;
			children = (
				9A3C05DCCAA2CA4493E966B9 /* Pods-Search.debug.xcconfig */,
				1769C333583CC41055E4C7C9 /* Pods-Search.release.xcconfig */,
			);
			path = Pods;
			sourceTree = "<group>";
		};
		A9034FB5836F673B3C8D528E /* Frameworks */ = {
			isa = PBXGroup;
			children = (
				A3A0AABC43A4912435E5A1DC /* Pods_Search.framework */,
			);
			name = Frameworks;
			sourceTree = "<group>";
		};
		BB5642A526BAE17C0066892B = {
			isa = PBXGroup;
			children = (
				BB5642B026BAE17C0066892B /* Search */,
				BB5642AF26BAE17C0066892B /* Products */,
				A2BBB7255E20337B1F0D706B /* Pods */,
				A9034FB5836F673B3C8D528E /* Frameworks */,
			);
			sourceTree = "<group>";
		};
		BB5642AF26BAE17C0066892B /* Products */ = {
			isa = PBXGroup;
			children = (
				BB5642AE26BAE17C0066892B /* Search.app */,
			);
			name = Products;
			sourceTree = "<group>";
		};
		BB5642B026BAE17C0066892B /* Search */ = {
			isa = PBXGroup;
			children = (
				BB56438826BDBDBC0066892B /* Controller */,
				BB56436826BDACB80066892B /* Extensions */,
				BB56436726BD8B7B0066892B /* Networking */,
				BB5642CB26BB458E0066892B /* ViewModel */,
				BB5642C626BAE3BD0066892B /* View */,
				BB5642C526BAE3B60066892B /* DataModel */,
				BB5642B126BAE17C0066892B /* AppDelegate.swift */,
				BB5642B326BAE17C0066892B /* SceneDelegate.swift */,
				BB5642BA26BAE17D0066892B /* Assets.xcassets */,
				BB5642BC26BAE17D0066892B /* LaunchScreen.storyboard */,
				BB5642BF26BAE17D0066892B /* Info.plist */,
			);
			path = Search;
			sourceTree = "<group>";
		};
		BB5642C526BAE3B60066892B /* DataModel */ = {
			isa = PBXGroup;
			children = (
				BB5642C726BAE6050066892B /* ResponseData.swift */,
			);
			path = DataModel;
			sourceTree = "<group>";
		};
		BB5642C626BAE3BD0066892B /* View */ = {
			isa = PBXGroup;
			children = (
				BB5642CE26BB4A7D0066892B /* ImageCollectionViewCell.swift */,
				BBB5B7E626C17DEB00BA2485 /* SearchResultCardView.swift */,
			);
			path = View;
			sourceTree = "<group>";
		};
		BB5642CB26BB458E0066892B /* ViewModel */ = {
			isa = PBXGroup;
			children = (
				BB5642CC26BB45A60066892B /* SearchViewModel.swift */,
			);
			path = ViewModel;
			sourceTree = "<group>";
		};
		BB56436726BD8B7B0066892B /* Networking */ = {
			isa = PBXGroup;
			children = (
				BB5642C926BAEB070066892B /* NasaClient.swift */,
				BB5642D226BB53070066892B /* EndPoint.swift */,
			);
			path = Networking;
			sourceTree = "<group>";
		};
		BB56436826BDACB80066892B /* Extensions */ = {
			isa = PBXGroup;
			children = (
				BB56436926BDACF60066892B /* UIView+Extensions.swift */,
				BB56438B26C05C7C0066892B /* DateFormatter.swift */,
				BB56438D26C06EA20066892B /* Array+Sort.swift */,
				BBB5B80726C18DC400BA2485 /* ShadowProvider.swift */,
			);
			path = Extensions;
			sourceTree = "<group>";
		};
		BB56438826BDBDBC0066892B /* Controller */ = {
			isa = PBXGroup;
			children = (
				BB56438926BDBDEB0066892B /* SearchDetailsViewController.swift */,
				BB56432B26BC7E5E0066892B /* MainViewController.swift */,
			);
			path = Controller;
			sourceTree = "<group>";
		};
/* End PBXGroup section */

/* Begin PBXNativeTarget section */
		BB5642AD26BAE17C0066892B /* Search */ = {
			isa = PBXNativeTarget;
			buildConfigurationList = BB5642C226BAE17D0066892B /* Build configuration list for PBXNativeTarget "Search" */;
			buildPhases = (
				A7861A04437CB3F8BED411A6 /* [CP] Check Pods Manifest.lock */,
				BB5642AA26BAE17C0066892B /* Sources */,
				BB5642AB26BAE17C0066892B /* Frameworks */,
				BB5642AC26BAE17C0066892B /* Resources */,
				3AF38CF545A7F6BB0AFC68E4 /* [CP] Embed Pods Frameworks */,
			);
			buildRules = (
			);
			dependencies = (
			);
			name = Search;
			productName = Search;
			productReference = BB5642AE26BAE17C0066892B /* Search.app */;
			productType = "com.apple.product-type.application";
		};
/* End PBXNativeTarget section */

/* Begin PBXProject section */
		BB5642A626BAE17C0066892B /* Project object */ = {
			isa = PBXProject;
			attributes = {
				LastSwiftUpdateCheck = 1250;
				LastUpgradeCheck = 1250;
				TargetAttributes = {
					BB5642AD26BAE17C0066892B = {
						CreatedOnToolsVersion = 12.5;
					};
				};
			};
			buildConfigurationList = BB5642A926BAE17C0066892B /* Build configuration list for PBXProject "Search" */;
			compatibilityVersion = "Xcode 9.3";
			developmentRegion = en;
			hasScannedForEncodings = 0;
			knownRegions = (
				en,
				Base,
			);
			mainGroup = BB5642A526BAE17C0066892B;
			productRefGroup = BB5642AF26BAE17C0066892B /* Products */;
			projectDirPath = "";
			projectRoot = "";
			targets = (
				BB5642AD26BAE17C0066892B /* Search */,
			);
		};
/* End PBXProject section */

/* Begin PBXResourcesBuildPhase section */
		BB5642AC26BAE17C0066892B /* Resources */ = {
			isa = PBXResourcesBuildPhase;
			buildActionMask = 2147483647;
			files = (
				BB5642BE26BAE17D0066892B /* LaunchScreen.storyboard in Resources */,
				BB5642BB26BAE17D0066892B /* Assets.xcassets in Resources */,
			);
			runOnlyForDeploymentPostprocessing = 0;
		};
/* End PBXResourcesBuildPhase section */

/* Begin PBXShellScriptBuildPhase section */
		3AF38CF545A7F6BB0AFC68E4 /* [CP] Embed Pods Frameworks */ = {
			isa = PBXShellScriptBuildPhase;
			buildActionMask = 2147483647;
			files = (
			);
			inputFileListPaths = (
				"${PODS_ROOT}/Target Support Files/Pods-Search/Pods-Search-frameworks-${CONFIGURATION}-input-files.xcfilelist",
			);
			name = "[CP] Embed Pods Frameworks";
			outputFileListPaths = (
				"${PODS_ROOT}/Target Support Files/Pods-Search/Pods-Search-frameworks-${CONFIGURATION}-output-files.xcfilelist",
			);
			runOnlyForDeploymentPostprocessing = 0;
			shellPath = /bin/sh;
			shellScript = "\"${PODS_ROOT}/Target Support Files/Pods-Search/Pods-Search-frameworks.sh\"\n";
			showEnvVarsInLog = 0;
		};
		A7861A04437CB3F8BED411A6 /* [CP] Check Pods Manifest.lock */ = {
			isa = PBXShellScriptBuildPhase;
			buildActionMask = 2147483647;
			files = (
			);
			inputFileListPaths = (
			);
			inputPaths = (
				"${PODS_PODFILE_DIR_PATH}/Podfile.lock",
				"${PODS_ROOT}/Manifest.lock",
			);
			name = "[CP] Check Pods Manifest.lock";
			outputFileListPaths = (
			);
			outputPaths = (
				"$(DERIVED_FILE_DIR)/Pods-Search-checkManifestLockResult.txt",
			);
			runOnlyForDeploymentPostprocessing = 0;
			shellPath = /bin/sh;
			shellScript = "diff \"${PODS_PODFILE_DIR_PATH}/Podfile.lock\" \"${PODS_ROOT}/Manifest.lock\" > /dev/null\nif [ $? != 0 ] ; then\n    # print error to STDERR\n    echo \"error: The sandbox is not in sync with the Podfile.lock. Run 'pod install' or update your CocoaPods installation.\" >&2\n    exit 1\nfi\n# This output is used by Xcode 'outputs' to avoid re-running this script phase.\necho \"SUCCESS\" > \"${SCRIPT_OUTPUT_FILE_0}\"\n";
			showEnvVarsInLog = 0;
		};
/* End PBXShellScriptBuildPhase section */

/* Begin PBXSourcesBuildPhase section */
		BB5642AA26BAE17C0066892B /* Sources */ = {
			isa = PBXSourcesBuildPhase;
			buildActionMask = 2147483647;
			files = (
				BB56438C26C05C7C0066892B /* DateFormatter.swift in Sources */,
				BB5642B226BAE17C0066892B /* AppDelegate.swift in Sources */,
				BB56436A26BDACF60066892B /* UIView+Extensions.swift in Sources */,
				BB5642D326BB53070066892B /* EndPoint.swift in Sources */,
				BB5642C826BAE6050066892B /* ResponseData.swift in Sources */,
				BB5642CF26BB4A7D0066892B /* ImageCollectionViewCell.swift in Sources */,
				BB5642CA26BAEB070066892B /* NasaClient.swift in Sources */,
				BB56438E26C06EA20066892B /* Array+Sort.swift in Sources */,
				BB56432C26BC7E5E0066892B /* MainViewController.swift in Sources */,
				BB56438A26BDBDEB0066892B /* SearchDetailsViewController.swift in Sources */,
				BB5642CD26BB45A60066892B /* SearchViewModel.swift in Sources */,
				BB5642B426BAE17C0066892B /* SceneDelegate.swift in Sources */,
				BBB5B80826C18DC400BA2485 /* ShadowProvider.swift in Sources */,
				BBB5B7E726C17DEB00BA2485 /* SearchResultCardView.swift in Sources */,
			);
			runOnlyForDeploymentPostprocessing = 0;
		};
/* End PBXSourcesBuildPhase section */

/* Begin PBXVariantGroup section */
		BB5642BC26BAE17D0066892B /* LaunchScreen.storyboard */ = {
			isa = PBXVariantGroup;
			children = (
				BB5642BD26BAE17D0066892B /* Base */,
			);
			name = LaunchScreen.storyboard;
			sourceTree = "<group>";
		};
/* End PBXVariantGroup section */

/* Begin XCBuildConfiguration section */
		BB5642C026BAE17D0066892B /* Debug */ = {
			isa = XCBuildConfiguration;
			buildSettings = {
				ALWAYS_SEARCH_USER_PATHS = NO;
				CLANG_ANALYZER_NONNULL = YES;
				CLANG_ANALYZER_NUMBER_OBJECT_CONVERSION = YES_AGGRESSIVE;
				CLANG_CXX_LANGUAGE_STANDARD = "gnu++14";
				CLANG_CXX_LIBRARY = "libc++";
				CLANG_ENABLE_MODULES = YES;
				CLANG_ENABLE_OBJC_ARC = YES;
				CLANG_ENABLE_OBJC_WEAK = YES;
				CLANG_WARN_BLOCK_CAPTURE_AUTORELEASING = YES;
				CLANG_WARN_BOOL_CONVERSION = YES;
				CLANG_WARN_COMMA = YES;
				CLANG_WARN_CONSTANT_CONVERSION = YES;
				CLANG_WARN_DEPRECATED_OBJC_IMPLEMENTATIONS = YES;
				CLANG_WARN_DIRECT_OBJC_ISA_USAGE = YES_ERROR;
				CLANG_WARN_DOCUMENTATION_COMMENTS = YES;
				CLANG_WARN_EMPTY_BODY = YES;
				CLANG_WARN_ENUM_CONVERSION = YES;
				CLANG_WARN_INFINITE_RECURSION = YES;
				CLANG_WARN_INT_CONVERSION = YES;
				CLANG_WARN_NON_LITERAL_NULL_CONVERSION = YES;
				CLANG_WARN_OBJC_IMPLICIT_RETAIN_SELF = YES;
				CLANG_WARN_OBJC_LITERAL_CONVERSION = YES;
				CLANG_WARN_OBJC_ROOT_CLASS = YES_ERROR;
				CLANG_WARN_QUOTED_INCLUDE_IN_FRAMEWORK_HEADER = YES;
				CLANG_WARN_RANGE_LOOP_ANALYSIS = YES;
				CLANG_WARN_STRICT_PROTOTYPES = YES;
				CLANG_WARN_SUSPICIOUS_MOVE = YES;
				CLANG_WARN_UNGUARDED_AVAILABILITY = YES_AGGRESSIVE;
				CLANG_WARN_UNREACHABLE_CODE = YES;
				CLANG_WARN__DUPLICATE_METHOD_MATCH = YES;
				COPY_PHASE_STRIP = NO;
				DEBUG_INFORMATION_FORMAT = dwarf;
				ENABLE_STRICT_OBJC_MSGSEND = YES;
				ENABLE_TESTABILITY = YES;
				GCC_C_LANGUAGE_STANDARD = gnu11;
				GCC_DYNAMIC_NO_PIC = NO;
				GCC_NO_COMMON_BLOCKS = YES;
				GCC_OPTIMIZATION_LEVEL = 0;
				GCC_PREPROCESSOR_DEFINITIONS = (
					"DEBUG=1",
					"$(inherited)",
				);
				GCC_WARN_64_TO_32_BIT_CONVERSION = YES;
				GCC_WARN_ABOUT_RETURN_TYPE = YES_ERROR;
				GCC_WARN_UNDECLARED_SELECTOR = YES;
				GCC_WARN_UNINITIALIZED_AUTOS = YES_AGGRESSIVE;
				GCC_WARN_UNUSED_FUNCTION = YES;
				GCC_WARN_UNUSED_VARIABLE = YES;
				IPHONEOS_DEPLOYMENT_TARGET = 14.5;
				MTL_ENABLE_DEBUG_INFO = INCLUDE_SOURCE;
				MTL_FAST_MATH = YES;
				ONLY_ACTIVE_ARCH = YES;
				SDKROOT = iphoneos;
				SWIFT_ACTIVE_COMPILATION_CONDITIONS = DEBUG;
				SWIFT_OPTIMIZATION_LEVEL = "-Onone";
			};
			name = Debug;
		};
		BB5642C126BAE17D0066892B /* Release */ = {
			isa = XCBuildConfiguration;
			buildSettings = {
				ALWAYS_SEARCH_USER_PATHS = NO;
				CLANG_ANALYZER_NONNULL = YES;
				CLANG_ANALYZER_NUMBER_OBJECT_CONVERSION = YES_AGGRESSIVE;
				CLANG_CXX_LANGUAGE_STANDARD = "gnu++14";
				CLANG_CXX_LIBRARY = "libc++";
				CLANG_ENABLE_MODULES = YES;
				CLANG_ENABLE_OBJC_ARC = YES;
				CLANG_ENABLE_OBJC_WEAK = YES;
				CLANG_WARN_BLOCK_CAPTURE_AUTORELEASING = YES;
				CLANG_WARN_BOOL_CONVERSION = YES;
				CLANG_WARN_COMMA = YES;
				CLANG_WARN_CONSTANT_CONVERSION = YES;
				CLANG_WARN_DEPRECATED_OBJC_IMPLEMENTATIONS = YES;
				CLANG_WARN_DIRECT_OBJC_ISA_USAGE = YES_ERROR;
				CLANG_WARN_DOCUMENTATION_COMMENTS = YES;
				CLANG_WARN_EMPTY_BODY = YES;
				CLANG_WARN_ENUM_CONVERSION = YES;
				CLANG_WARN_INFINITE_RECURSION = YES;
				CLANG_WARN_INT_CONVERSION = YES;
				CLANG_WARN_NON_LITERAL_NULL_CONVERSION = YES;
				CLANG_WARN_OBJC_IMPLICIT_RETAIN_SELF = YES;
				CLANG_WARN_OBJC_LITERAL_CONVERSION = YES;
				CLANG_WARN_OBJC_ROOT_CLASS = YES_ERROR;
				CLANG_WARN_QUOTED_INCLUDE_IN_FRAMEWORK_HEADER = YES;
				CLANG_WARN_RANGE_LOOP_ANALYSIS = YES;
				CLANG_WARN_STRICT_PROTOTYPES = YES;
				CLANG_WARN_SUSPICIOUS_MOVE = YES;
				CLANG_WARN_UNGUARDED_AVAILABILITY = YES_AGGRESSIVE;
				CLANG_WARN_UNREACHABLE_CODE = YES;
				CLANG_WARN__DUPLICATE_METHOD_MATCH = YES;
				COPY_PHASE_STRIP = NO;
				DEBUG_INFORMATION_FORMAT = "dwarf-with-dsym";
				ENABLE_NS_ASSERTIONS = NO;
				ENABLE_STRICT_OBJC_MSGSEND = YES;
				GCC_C_LANGUAGE_STANDARD = gnu11;
				GCC_NO_COMMON_BLOCKS = YES;
				GCC_WARN_64_TO_32_BIT_CONVERSION = YES;
				GCC_WARN_ABOUT_RETURN_TYPE = YES_ERROR;
				GCC_WARN_UNDECLARED_SELECTOR = YES;
				GCC_WARN_UNINITIALIZED_AUTOS = YES_AGGRESSIVE;
				GCC_WARN_UNUSED_FUNCTION = YES;
				GCC_WARN_UNUSED_VARIABLE = YES;
				IPHONEOS_DEPLOYMENT_TARGET = 14.5;
				MTL_ENABLE_DEBUG_INFO = NO;
				MTL_FAST_MATH = YES;
				SDKROOT = iphoneos;
				SWIFT_COMPILATION_MODE = wholemodule;
				SWIFT_OPTIMIZATION_LEVEL = "-O";
				VALIDATE_PRODUCT = YES;
			};
			name = Release;
		};
		BB5642C326BAE17D0066892B /* Debug */ = {
			isa = XCBuildConfiguration;
			baseConfigurationReference = 9A3C05DCCAA2CA4493E966B9 /* Pods-Search.debug.xcconfig */;
			buildSettings = {
				ASSETCATALOG_COMPILER_APPICON_NAME = AppIcon;
				ASSETCATALOG_COMPILER_GLOBAL_ACCENT_COLOR_NAME = AccentColor;
				CODE_SIGN_STYLE = Automatic;
				DEVELOPMENT_TEAM = 36UF6RK7H2;
				INFOPLIST_FILE = Search/Info.plist;
				LD_RUNPATH_SEARCH_PATHS = (
					"$(inherited)",
					"@executable_path/Frameworks",
				);
				PRODUCT_BUNDLE_IDENTIFIER = test.Search;
				PRODUCT_NAME = "$(TARGET_NAME)";
				SWIFT_VERSION = 5.0;
				TARGETED_DEVICE_FAMILY = "1,2";
			};
			name = Debug;
		};
		BB5642C426BAE17D0066892B /* Release */ = {
			isa = XCBuildConfiguration;
			baseConfigurationReference = 1769C333583CC41055E4C7C9 /* Pods-Search.release.xcconfig */;
			buildSettings = {
				ASSETCATALOG_COMPILER_APPICON_NAME = AppIcon;
				ASSETCATALOG_COMPILER_GLOBAL_ACCENT_COLOR_NAME = AccentColor;
				CODE_SIGN_STYLE = Automatic;
				DEVELOPMENT_TEAM = 36UF6RK7H2;
				INFOPLIST_FILE = Search/Info.plist;
				LD_RUNPATH_SEARCH_PATHS = (
					"$(inherited)",
					"@executable_path/Frameworks",
				);
				PRODUCT_BUNDLE_IDENTIFIER = test.Search;
				PRODUCT_NAME = "$(TARGET_NAME)";
				SWIFT_VERSION = 5.0;
				TARGETED_DEVICE_FAMILY = "1,2";
			};
			name = Release;
		};
/* End XCBuildConfiguration section */

/* Begin XCConfigurationList section */
		BB5642A926BAE17C0066892B /* Build configuration list for PBXProject "Search" */ = {
			isa = XCConfigurationList;
			buildConfigurations = (
				BB5642C026BAE17D0066892B /* Debug */,
				BB5642C126BAE17D0066892B /* Release */,
			);
			defaultConfigurationIsVisible = 0;
			defaultConfigurationName = Release;
		};
		BB5642C226BAE17D0066892B /* Build configuration list for PBXNativeTarget "Search" */ = {
			isa = XCConfigurationList;
			buildConfigurations = (
				BB5642C326BAE17D0066892B /* Debug */,
				BB5642C426BAE17D0066892B /* Release */,
			);
			defaultConfigurationIsVisible = 0;
			defaultConfigurationName = Release;
		};
/* End XCConfigurationList section */
	};
	rootObject = BB5642A626BAE17C0066892B /* Project object */;
}
